
Microsoft Visual Studio Solution File, Format Version 12.00
# Visual Studio Version 17
VisualStudioVersion = 17.6.33723.286
MinimumVisualStudioVersion = 10.0.40219.1
Project("{FAE04EC0-301F-11D3-BF4B-00C04F79EFBC}") = "PresentationFilter", "PresentationFilter\PresentationFilter.csproj", "{D427782E-8DDE-4655-9550-CE626DC57247}"
EndProject
Project("{FAE04EC0-301F-11D3-BF4B-00C04F79EFBC}") = "ColorSchemeInfo", "ColorSchemeInfo\ColorSchemeInfo.csproj", "{37BA8109-7521-4888-8581-45D8E1A1E020}"
EndProject
Global
	GlobalSection(SolutionConfigurationPlatforms) = preSolution
		Debug|Any CPU = Debug|Any CPU
		Release|Any CPU = Release|Any CPU
	EndGlobalSection
	GlobalSection(ProjectConfigurationPlatforms) = postSolution
		{D427782E-8DDE-4655-9550-CE626DC57247}.Debug|Any CPU.ActiveCfg = Debug|Any CPU
		{D427782E-8DDE-4655-9550-CE626DC57247}.Debug|Any CPU.Build.0 = Debug|Any CPU
		{D427782E-8DDE-4655-9550-CE626DC57247}.Release|Any CPU.ActiveCfg = Release|Any CPU
		{D427782E-8DDE-4655-9550-CE626DC57247}.Release|Any CPU.Build.0 = Release|Any CPU
		{37BA8109-7521-4888-8581-45D8E1A1E020}.Debug|Any CPU.ActiveCfg = Debug|Any CPU
		{37BA8109-7521-4888-8581-45D8E1A1E020}.Debug|Any CPU.Build.0 = Debug|Any CPU
		{37BA8109-7521-4888-8581-45D8E1A1E020}.Release|Any CPU.ActiveCfg = Release|Any CPU
		{37BA8109-7521-4888-8581-45D8E1A1E020}.Release|Any CPU.Build.0 = Release|Any CPU
	EndGlobalSection
	GlobalSection(SolutionProperties) = preSolution
		HideSolutionNode = FALSE
	EndGlobalSection
	GlobalSection(ExtensibilityGlobals) = postSolution
		SolutionGuid = {1B2A2739-A792-46E5-BB02-235DF053B648}
	EndGlobalSection
EndGlobal
